// !$*UTF8*$!
{
	archiveVersion = 1;
	classes = {
	};
	objectVersion = 46;
	objects = {

/* Begin PBXBuildFile section */
		91CB49051CC76A10001B53EE /* main.m in Sources */ = {isa = PBXBuildFile; fileRef = 91CB49041CC76A10001B53EE /* main.m */; };
		91CB49081CC76A10001B53EE /* AppDelegate.m in Sources */ = {isa = PBXBuildFile; fileRef = 91CB49071CC76A10001B53EE /* AppDelegate.m */; };
		91CB49101CC76A10001B53EE /* Assets.xcassets in Resources */ = {isa = PBXBuildFile; fileRef = 91CB490F1CC76A10001B53EE /* Assets.xcassets */; };
		91CB491D1CC76AB2001B53EE /* ViewcontrollerViewController.m in Sources */ = {isa = PBXBuildFile; fileRef = 91CB491B1CC76AB2001B53EE /* ViewcontrollerViewController.m */; };
		91CB491E1CC76AB2001B53EE /* ViewcontrollerViewController.xib in Resources */ = {isa = PBXBuildFile; fileRef = 91CB491C1CC76AB2001B53EE /* ViewcontrollerViewController.xib */; };
/* End PBXBuildFile section */

/* Begin PBXFileReference section */
		91CB49001CC76A10001B53EE /* BNRQuiz.app */ = {isa = PBXFileReference; explicitFileType = wrapper.application; includeInIndex = 0; path = BNRQuiz.app; sourceTree = BUILT_PRODUCTS_DIR; };
		91CB49041CC76A10001B53EE /* main.m */ = {isa = PBXFileReference; lastKnownFileType = sourcecode.c.objc; path = main.m; sourceTree = "<group>"; };
		91CB49061CC76A10001B53EE /* AppDelegate.h */ = {isa = PBXFileReference; lastKnownFileType = sourcecode.c.h; path = AppDelegate.h; sourceTree = "<group>"; };
		91CB49071CC76A10001B53EE /* AppDelegate.m */ = {isa = PBXFileReference; lastKnownFileType = sourcecode.c.objc; path = AppDelegate.m; sourceTree = "<group>"; };
		91CB490F1CC76A10001B53EE /* Assets.xcassets */ = {isa = PBXFileReference; lastKnownFileType = folder.assetcatalog; path = Assets.xcassets; sourceTree = "<group>"; };
		91CB49141CC76A10001B53EE /* Info.plist */ = {isa = PBXFileReference; lastKnownFileType = text.plist.xml; path = Info.plist; sourceTree = "<group>"; };
		91CB491A1CC76AB2001B53EE /* ViewcontrollerViewController.h */ = {isa = PBXFileReference; fileEncoding = 4; lastKnownFileType = sourcecode.c.h; path = ViewcontrollerViewController.h; sourceTree = "<group>"; };
		91CB491B1CC76AB2001B53EE /* ViewcontrollerViewController.m */ = {isa = PBXFileReference; fileEncoding = 4; lastKnownFileType = sourcecode.c.objc; path = ViewcontrollerViewController.m; sourceTree = "<group>"; };
		91CB491C1CC76AB2001B53EE /* ViewcontrollerViewController.xib */ = {isa = PBXFileReference; fileEncoding = 4; lastKnownFileType = file.xib; path = ViewcontrollerViewController.xib; sourceTree = "<group>"; };
/* End PBXFileReference section */

/* Begin PBXFrameworksBuildPhase section */
		91CB48FD1CC76A10001B53EE /* Frameworks */ = {
			isa = PBXFrameworksBuildPhase;
			buildActionMask = 2147483647;
			files = (
			);
			runOnlyForDeploymentPostprocessing = 0;
		};
/* End PBXFrameworksBuildPhase section */

/* Begin PBXGroup section */
		91CB48F71CC76A10001B53EE = {
			isa = PBXGroup;
			children = (
				91CB49021CC76A10001B53EE /* BNRQuiz */,
				91CB49011CC76A10001B53EE /* Products */,
			);
			sourceTree = "<group>";
		};
		91CB49011CC76A10001B53EE /* Products */ = {
			isa = PBXGroup;
			children = (
				91CB49001CC76A10001B53EE /* BNRQuiz.app */,
			);
			name = Products;
			sourceTree = "<group>";
		};
		91CB49021CC76A10001B53EE /* BNRQuiz */ = {
			isa = PBXGroup;
			children = (
				91CB49061CC76A10001B53EE /* AppDelegate.h */,
				91CB491A1CC76AB2001B53EE /* ViewcontrollerViewController.h */,
				91CB491B1CC76AB2001B53EE /* ViewcontrollerViewController.m */,
				91CB491C1CC76AB2001B53EE /* ViewcontrollerViewController.xib */,
				91CB49071CC76A10001B53EE /* AppDelegate.m */,
				91CB490F1CC76A10001B53EE /* Assets.xcassets */,
				91CB49141CC76A10001B53EE /* Info.plist */,
				91CB49031CC76A10001B53EE /* Supporting Files */,
			);
			path = BNRQuiz;
			sourceTree = "<group>";
		};
		91CB49031CC76A10001B53EE /* Supporting Files */ = {
			isa = PBXGroup;
			children = (
				91CB49041CC76A10001B53EE /* main.m */,
			);
			name = "Supporting Files";
			sourceTree = "<group>";
		};
/* End PBXGroup section */

/* Begin PBXNativeTarget section */
		91CB48FF1CC76A10001B53EE /* BNRQuiz */ = {
			isa = PBXNativeTarget;
			buildConfigurationList = 91CB49171CC76A10001B53EE /* Build configuration list for PBXNativeTarget "BNRQuiz" */;
			buildPhases = (
				91CB48FC1CC76A10001B53EE /* Sources */,
				91CB48FD1CC76A10001B53EE /* Frameworks */,
				91CB48FE1CC76A10001B53EE /* Resources */,
			);
			buildRules = (
			);
			dependencies = (
			);
			name = BNRQuiz;
			productName = BNRQuiz;
			productReference = 91CB49001CC76A10001B53EE /* BNRQuiz.app */;
			productType = "com.apple.product-type.application";
		};
/* End PBXNativeTarget section */

/* Begin PBXProject section */
		91CB48F81CC76A10001B53EE /* Project object */ = {
			isa = PBXProject;
			attributes = {
				LastUpgradeCheck = 0720;
				ORGANIZATIONNAME = franda;
				TargetAttributes = {
					91CB48FF1CC76A10001B53EE = {
						CreatedOnToolsVersion = 7.2.1;
					};
				};
			};
			buildConfigurationList = 91CB48FB1CC76A10001B53EE /* Build configuration list for PBXProject "BNRQuiz" */;
			compatibilityVersion = "Xcode 3.2";
			developmentRegion = English;
			hasScannedForEncodings = 0;
			knownRegions = (
				en,
				Base,
			);
			mainGroup = 91CB48F71CC76A10001B53EE;
			productRefGroup = 91CB49011CC76A10001B53EE /* Products */;
			projectDirPath = "";
			projectRoot = "";
			targets = (
				91CB48FF1CC76A10001B53EE /* BNRQuiz */,
			);
		};
/* End PBXProject section */

/* Begin PBXResourcesBuildPhase section */
		91CB48FE1CC76A10001B53EE /* Resources */ = {
			isa = PBXResourcesBuildPhase;
			buildActionMask = 2147483647;
			files = (
				91CB491E1CC76AB2001B53EE /* ViewcontrollerViewController.xib in Resources */,
				91CB49101CC76A10001B53EE /* Assets.xcassets in Resources */,
			);
			runOnlyForDeploymentPostprocessing = 0;
		};
/* End PBXResourcesBuildPhase section */

/* Begin PBXSourcesBuildPhase section */
		91CB48FC1CC76A10001B53EE /* Sources */ = {
			isa = PBXSourcesBuildPhase;
			buildActionMask = 2147483647;
			files = (
				91CB49081CC76A10001B53EE /* AppDelegate.m in Sources */,
				91CB49051CC76A10001B53EE /* main.m in Sources */,
				91CB491D1CC76AB2001B53EE /* ViewcontrollerViewController.m in Sources */,
			);
			runOnlyForDeploymentPostprocessing = 0;
		};
/* End PBXSourcesBuildPhase section */

/* Begin XCBuildConfiguration section */
		91CB49151CC76A10001B53EE /* Debug */ = {
			isa = XCBuildConfiguration;
			buildSettings = {
				ALWAYS_SEARCH_USER_PATHS = NO;
				CLANG_CXX_LANGUAGE_STANDARD = "gnu++0x";
				CLANG_CXX_LIBRARY = "libc++";
				CLANG_ENABLE_MODULES = YES;
				CLANG_ENABLE_OBJC_ARC = YES;
				CLANG_WARN_BOOL_CONVERSION = YES;
				CLANG_WARN_CONSTANT_CONVERSION = YES;
				CLANG_WARN_DIRECT_OBJC_ISA_USAGE = YES_ERROR;
				CLANG_WARN_EMPTY_BODY = YES;
				CLANG_WARN_ENUM_CONVERSION = YES;
				CLANG_WARN_INT_CONVERSION = YES;
				CLANG_WARN_OBJC_ROOT_CLASS = YES_ERROR;
				CLANG_WARN_UNREACHABLE_CODE = YES;
				CLANG_WARN__DUPLICATE_METHOD_MATCH = YES;
				"CODE_SIGN_IDENTITY[sdk=iphoneos*]" = "iPhone Developer";
				COPY_PHASE_STRIP = NO;
				DEBUG_INFORMATION_FORMAT = dwarf;
				ENABLE_STRICT_OBJC_MSGSEND = YES;
				ENABLE_TESTABILITY = YES;
				GCC_C_LANGUAGE_STANDARD = gnu99;
				GCC_DYNAMIC_NO_PIC = NO;
				GCC_NO_COMMON_BLOCKS = YES;
				GCC_OPTIMIZATION_LEVEL = 0;
				GCC_PREPROCESSOR_DEFINITIONS = (
					"DEBUG=1",
					"$(inherited)",
				);
				GCC_WARN_64_TO_32_BIT_CONVERSION = YES;
				GCC_WARN_ABOUT_RETURN_TYPE = YES_ERROR;
				GCC_WARN_UNDECLARED_SELECTOR = YES;
				GCC_WARN_UNINITIALIZED_AUTOS = YES_AGGRESSIVE;
				GCC_WARN_UNUSED_FUNCTION = YES;
				GCC_WARN_UNUSED_VARIABLE = YES;
				IPHONEOS_DEPLOYMENT_TARGET = 9.2;
				MTL_ENABLE_DEBUG_INFO = YES;
				ONLY_ACTIVE_ARCH = YES;
				SDKROOT = iphoneos;
				TARGETED_DEVICE_FAMILY = "1,2";
			};
			name = Debug;
		};
		91CB49161CC76A10001B53EE /* Release */ = {
			isa = XCBuildConfiguration;
			buildSettings = {
				ALWAYS_SEARCH_USER_PATHS = NO;
				CLANG_CXX_LANGUAGE_STANDARD = "gnu++0x";
				CLANG_CXX_LIBRARY = "libc++";
				CLANG_ENABLE_MODULES = YES;
				CLANG_ENABLE_OBJC_ARC = YES;
				CLANG_WARN_BOOL_CONVERSION = YES;
				CLANG_WARN_CONSTANT_CONVERSION = YES;
				CLANG_WARN_DIRECT_OBJC_ISA_USAGE = YES_ERROR;
				CLANG_WARN_EMPTY_BODY = YES;
				CLANG_WARN_ENUM_CONVERSION = YES;
				CLANG_WARN_INT_CONVERSION = YES;
				CLANG_WARN_OBJC_ROOT_CLASS = YES_ERROR;
				CLANG_WARN_UNREACHABLE_CODE = YES;
				CLANG_WARN__DUPLICATE_METHOD_MATCH = YES;
				"CODE_SIGN_IDENTITY[sdk=iphoneos*]" = "iPhone Developer";
				COPY_PHASE_STRIP = NO;
				DEBUG_INFORMATION_FORMAT = "dwarf-with-dsym";
				ENABLE_NS_ASSERTIONS = NO;
				ENABLE_STRICT_OBJC_MSGSEND = YES;
				GCC_C_LANGUAGE_STANDARD = gnu99;
				GCC_NO_COMMON_BLOCKS = YES;
				GCC_WARN_64_TO_32_BIT_CONVERSION = YES;
				GCC_WARN_ABOUT_RETURN_TYPE = YES_ERROR;
				GCC_WARN_UNDECLARED_SELECTOR = YES;
				GCC_WARN_UNINITIALIZED_AUTOS = YES_AGGRESSIVE;
				GCC_WARN_UNUSED_FUNCTION = YES;
				GCC_WARN_UNUSED_VARIABLE = YES;
				IPHONEOS_DEPLOYMENT_TARGET = 9.2;
				MTL_ENABLE_DEBUG_INFO = NO;
				SDKROOT = iphoneos;
				TARGETED_DEVICE_FAMILY = "1,2";
				VALIDATE_PRODUCT = YES;
			};
			name = Release;
		};
		91CB49181CC76A10001B53EE /* Debug */ = {
			isa = XCBuildConfiguration;
			buildSettings = {
				ASSETCATALOG_COMPILER_APPICON_NAME = AppIcon;
				INFOPLIST_FILE = BNRQuiz/Info.plist;
				LD_RUNPATH_SEARCH_PATHS = "$(inherited) @executable_path/Frameworks";
				PRODUCT_BUNDLE_IDENTIFIER = "com-training.BNRQuiz";
				PRODUCT_NAME = "$(TARGET_NAME)";
			};
			name = Debug;
		};
		91CB49191CC76A10001B53EE /* Release */ = {
			isa = XCBuildConfiguration;
			buildSettings = {
				ASSETCATALOG_COMPILER_APPICON_NAME = AppIcon;
				INFOPLIST_FILE = BNRQuiz/Info.plist;
				LD_RUNPATH_SEARCH_PATHS = "$(inherited) @executable_path/Frameworks";
				PRODUCT_BUNDLE_IDENTIFIER = "com-training.BNRQuiz";
				PRODUCT_NAME = "$(TARGET_NAME)";
			};
			name = Release;
		};
/* End XCBuildConfiguration section */

/* Begin XCConfigurationList section */
		91CB48FB1CC76A10001B53EE /* Build configuration list for PBXProject "BNRQuiz" */ = {
			isa = XCConfigurationList;
			buildConfigurations = (
				91CB49151CC76A10001B53EE /* Debug */,
				91CB49161CC76A10001B53EE /* Release */,
			);
			defaultConfigurationIsVisible = 0;
			defaultConfigurationName = Release;
		};
		91CB49171CC76A10001B53EE /* Build configuration list for PBXNativeTarget "BNRQuiz" */ = {
			isa = XCConfigurationList;
			buildConfigurations = (
				91CB49181CC76A10001B53EE /* Debug */,
				91CB49191CC76A10001B53EE /* Release */,
			);
			defaultConfigurationIsVisible = 0;
		};
/* End XCConfigurationList section */
	};
	rootObject = 91CB48F81CC76A10001B53EE /* Project object */;
}
