// !$*UTF8*$!
{
	archiveVersion = 1;
	classes = {
	};
	objectVersion = 46;
	objects = {

/* Begin PBXBuildFile section */
		9106AEA41CCA052C00D21D16 /* main.m in Sources */ = {isa = PBXBuildFile; fileRef = 9106AEA31CCA052C00D21D16 /* main.m */; };
		9106AEAC1CCA059B00D21D16 /* Caculator.m in Sources */ = {isa = PBXBuildFile; fileRef = 9106AEAB1CCA059B00D21D16 /* Caculator.m */; };
/* End PBXBuildFile section */

/* Begin PBXCopyFilesBuildPhase section */
		9106AE9E1CCA052C00D21D16 /* CopyFiles */ = {
			isa = PBXCopyFilesBuildPhase;
			buildActionMask = 2147483647;
			dstPath = /usr/share/man/man1/;
			dstSubfolderSpec = 0;
			files = (
			);
			runOnlyForDeploymentPostprocessing = 1;
		};
/* End PBXCopyFilesBuildPhase section */

/* Begin PBXFileReference section */
		9106AEA01CCA052C00D21D16 /* chap6.6 */ = {isa = PBXFileReference; explicitFileType = "compiled.mach-o.executable"; includeInIndex = 0; path = chap6.6; sourceTree = BUILT_PRODUCTS_DIR; };
		9106AEA31CCA052C00D21D16 /* main.m */ = {isa = PBXFileReference; lastKnownFileType = sourcecode.c.objc; path = main.m; sourceTree = "<group>"; };
		9106AEAA1CCA059B00D21D16 /* Caculator.h */ = {isa = PBXFileReference; fileEncoding = 4; lastKnownFileType = sourcecode.c.h; path = Caculator.h; sourceTree = "<group>"; };
		9106AEAB1CCA059B00D21D16 /* Caculator.m */ = {isa = PBXFileReference; fileEncoding = 4; lastKnownFileType = sourcecode.c.objc; path = Caculator.m; sourceTree = "<group>"; };
/* End PBXFileReference section */

/* Begin PBXFrameworksBuildPhase section */
		9106AE9D1CCA052C00D21D16 /* Frameworks */ = {
			isa = PBXFrameworksBuildPhase;
			buildActionMask = 2147483647;
			files = (
			);
			runOnlyForDeploymentPostprocessing = 0;
		};
/* End PBXFrameworksBuildPhase section */

/* Begin PBXGroup section */
		9106AE971CCA052C00D21D16 = {
			isa = PBXGroup;
			children = (
				9106AEA21CCA052C00D21D16 /* chap6.6 */,
				9106AEA11CCA052C00D21D16 /* Products */,
			);
			sourceTree = "<group>";
		};
		9106AEA11CCA052C00D21D16 /* Products */ = {
			isa = PBXGroup;
			children = (
				9106AEA01CCA052C00D21D16 /* chap6.6 */,
			);
			name = Products;
			sourceTree = "<group>";
		};
		9106AEA21CCA052C00D21D16 /* chap6.6 */ = {
			isa = PBXGroup;
			children = (
				9106AEA31CCA052C00D21D16 /* main.m */,
				9106AEAA1CCA059B00D21D16 /* Caculator.h */,
				9106AEAB1CCA059B00D21D16 /* Caculator.m */,
			);
			path = chap6.6;
			sourceTree = "<group>";
		};
/* End PBXGroup section */

/* Begin PBXNativeTarget section */
		9106AE9F1CCA052C00D21D16 /* chap6.6 */ = {
			isa = PBXNativeTarget;
			buildConfigurationList = 9106AEA71CCA052C00D21D16 /* Build configuration list for PBXNativeTarget "chap6.6" */;
			buildPhases = (
				9106AE9C1CCA052C00D21D16 /* Sources */,
				9106AE9D1CCA052C00D21D16 /* Frameworks */,
				9106AE9E1CCA052C00D21D16 /* CopyFiles */,
			);
			buildRules = (
			);
			dependencies = (
			);
			name = chap6.6;
			productName = chap6.6;
			productReference = 9106AEA01CCA052C00D21D16 /* chap6.6 */;
			productType = "com.apple.product-type.tool";
		};
/* End PBXNativeTarget section */

/* Begin PBXProject section */
		9106AE981CCA052C00D21D16 /* Project object */ = {
			isa = PBXProject;
			attributes = {
				LastUpgradeCheck = 0720;
				ORGANIZATIONNAME = franda;
				TargetAttributes = {
					9106AE9F1CCA052C00D21D16 = {
						CreatedOnToolsVersion = 7.2.1;
					};
				};
			};
			buildConfigurationList = 9106AE9B1CCA052C00D21D16 /* Build configuration list for PBXProject "chap6.6" */;
			compatibilityVersion = "Xcode 3.2";
			developmentRegion = English;
			hasScannedForEncodings = 0;
			knownRegions = (
				en,
			);
			mainGroup = 9106AE971CCA052C00D21D16;
			productRefGroup = 9106AEA11CCA052C00D21D16 /* Products */;
			projectDirPath = "";
			projectRoot = "";
			targets = (
				9106AE9F1CCA052C00D21D16 /* chap6.6 */,
			);
		};
/* End PBXProject section */

/* Begin PBXSourcesBuildPhase section */
		9106AE9C1CCA052C00D21D16 /* Sources */ = {
			isa = PBXSourcesBuildPhase;
			buildActionMask = 2147483647;
			files = (
				9106AEAC1CCA059B00D21D16 /* Caculator.m in Sources */,
				9106AEA41CCA052C00D21D16 /* main.m in Sources */,
			);
			runOnlyForDeploymentPostprocessing = 0;
		};
/* End PBXSourcesBuildPhase section */

/* Begin XCBuildConfiguration section */
		9106AEA51CCA052C00D21D16 /* Debug */ = {
			isa = XCBuildConfiguration;
			buildSettings = {
				ALWAYS_SEARCH_USER_PATHS = NO;
				CLANG_CXX_LANGUAGE_STANDARD = "gnu++0x";
				CLANG_CXX_LIBRARY = "libc++";
				CLANG_ENABLE_MODULES = YES;
				CLANG_ENABLE_OBJC_ARC = YES;
				CLANG_WARN_BOOL_CONVERSION = YES;
				CLANG_WARN_CONSTANT_CONVERSION = YES;
				CLANG_WARN_DIRECT_OBJC_ISA_USAGE = YES_ERROR;
				CLANG_WARN_EMPTY_BODY = YES;
				CLANG_WARN_ENUM_CONVERSION = YES;
				CLANG_WARN_INT_CONVERSION = YES;
				CLANG_WARN_OBJC_ROOT_CLASS = YES_ERROR;
				CLANG_WARN_UNREACHABLE_CODE = YES;
				CLANG_WARN__DUPLICATE_METHOD_MATCH = YES;
				CODE_SIGN_IDENTITY = "-";
				COPY_PHASE_STRIP = NO;
				DEBUG_INFORMATION_FORMAT = dwarf;
				ENABLE_STRICT_OBJC_MSGSEND = YES;
				ENABLE_TESTABILITY = YES;
				GCC_C_LANGUAGE_STANDARD = gnu99;
				GCC_DYNAMIC_NO_PIC = NO;
				GCC_NO_COMMON_BLOCKS = YES;
				GCC_OPTIMIZATION_LEVEL = 0;
				GCC_PREPROCESSOR_DEFINITIONS = (
					"DEBUG=1",
					"$(inherited)",
				);
				GCC_WARN_64_TO_32_BIT_CONVERSION = YES;
				GCC_WARN_ABOUT_RETURN_TYPE = YES_ERROR;
				GCC_WARN_UNDECLARED_SELECTOR = YES;
				GCC_WARN_UNINITIALIZED_AUTOS = YES_AGGRESSIVE;
				GCC_WARN_UNUSED_FUNCTION = YES;
				GCC_WARN_UNUSED_VARIABLE = YES;
				MACOSX_DEPLOYMENT_TARGET = 10.10;
				MTL_ENABLE_DEBUG_INFO = YES;
				ONLY_ACTIVE_ARCH = YES;
				SDKROOT = macosx;
			};
			name = Debug;
		};
		9106AEA61CCA052C00D21D16 /* Release */ = {
			isa = XCBuildConfiguration;
			buildSettings = {
				ALWAYS_SEARCH_USER_PATHS = NO;
				CLANG_CXX_LANGUAGE_STANDARD = "gnu++0x";
				CLANG_CXX_LIBRARY = "libc++";
				CLANG_ENABLE_MODULES = YES;
				CLANG_ENABLE_OBJC_ARC = YES;
				CLANG_WARN_BOOL_CONVERSION = YES;
				CLANG_WARN_CONSTANT_CONVERSION = YES;
				CLANG_WARN_DIRECT_OBJC_ISA_USAGE = YES_ERROR;
				CLANG_WARN_EMPTY_BODY = YES;
				CLANG_WARN_ENUM_CONVERSION = YES;
				CLANG_WARN_INT_CONVERSION = YES;
				CLANG_WARN_OBJC_ROOT_CLASS = YES_ERROR;
				CLANG_WARN_UNREACHABLE_CODE = YES;
				CLANG_WARN__DUPLICATE_METHOD_MATCH = YES;
				CODE_SIGN_IDENTITY = "-";
				COPY_PHASE_STRIP = NO;
				DEBUG_INFORMATION_FORMAT = "dwarf-with-dsym";
				ENABLE_NS_ASSERTIONS = NO;
				ENABLE_STRICT_OBJC_MSGSEND = YES;
				GCC_C_LANGUAGE_STANDARD = gnu99;
				GCC_NO_COMMON_BLOCKS = YES;
				GCC_WARN_64_TO_32_BIT_CONVERSION = YES;
				GCC_WARN_ABOUT_RETURN_TYPE = YES_ERROR;
				GCC_WARN_UNDECLARED_SELECTOR = YES;
				GCC_WARN_UNINITIALIZED_AUTOS = YES_AGGRESSIVE;
				GCC_WARN_UNUSED_FUNCTION = YES;
				GCC_WARN_UNUSED_VARIABLE = YES;
				MACOSX_DEPLOYMENT_TARGET = 10.10;
				MTL_ENABLE_DEBUG_INFO = NO;
				SDKROOT = macosx;
			};
			name = Release;
		};
		9106AEA81CCA052C00D21D16 /* Debug */ = {
			isa = XCBuildConfiguration;
			buildSettings = {
				PRODUCT_NAME = "$(TARGET_NAME)";
			};
			name = Debug;
		};
		9106AEA91CCA052C00D21D16 /* Release */ = {
			isa = XCBuildConfiguration;
			buildSettings = {
				PRODUCT_NAME = "$(TARGET_NAME)";
			};
			name = Release;
		};
/* End XCBuildConfiguration section */

/* Begin XCConfigurationList section */
		9106AE9B1CCA052C00D21D16 /* Build configuration list for PBXProject "chap6.6" */ = {
			isa = XCConfigurationList;
			buildConfigurations = (
				9106AEA51CCA052C00D21D16 /* Debug */,
				9106AEA61CCA052C00D21D16 /* Release */,
			);
			defaultConfigurationIsVisible = 0;
			defaultConfigurationName = Release;
		};
		9106AEA71CCA052C00D21D16 /* Build configuration list for PBXNativeTarget "chap6.6" */ = {
			isa = XCConfigurationList;
			buildConfigurations = (
				9106AEA81CCA052C00D21D16 /* Debug */,
				9106AEA91CCA052C00D21D16 /* Release */,
			);
			defaultConfigurationIsVisible = 0;
		};
/* End XCConfigurationList section */
	};
	rootObject = 9106AE981CCA052C00D21D16 /* Project object */;
}
