// !$*UTF8*$!
{
	archiveVersion = 1;
	classes = {
	};
	objectVersion = 46;
	objects = {

/* Begin PBXBuildFile section */
		912AE49D1CD07C7B00C70759 /* main.m in Sources */ = {isa = PBXBuildFile; fileRef = 912AE49C1CD07C7B00C70759 /* main.m */; };
		912AE4A51CD07C8E00C70759 /* Rectangle.m in Sources */ = {isa = PBXBuildFile; fileRef = 912AE4A41CD07C8E00C70759 /* Rectangle.m */; };
		912AE4BE1CD0882300C70759 /* Square.m in Sources */ = {isa = PBXBuildFile; fileRef = 912AE4BD1CD0882300C70759 /* Square.m */; };
		912AE4C11CD09E9A00C70759 /* XYpoint.m in Sources */ = {isa = PBXBuildFile; fileRef = 912AE4C01CD09E9A00C70759 /* XYpoint.m */; };
/* End PBXBuildFile section */

/* Begin PBXCopyFilesBuildPhase section */
		912AE4971CD07C7B00C70759 /* CopyFiles */ = {
			isa = PBXCopyFilesBuildPhase;
			buildActionMask = 2147483647;
			dstPath = /usr/share/man/man1/;
			dstSubfolderSpec = 0;
			files = (
			);
			runOnlyForDeploymentPostprocessing = 1;
		};
/* End PBXCopyFilesBuildPhase section */

/* Begin PBXFileReference section */
		912AE4991CD07C7B00C70759 /* 8.2 */ = {isa = PBXFileReference; explicitFileType = "compiled.mach-o.executable"; includeInIndex = 0; path = 8.2; sourceTree = BUILT_PRODUCTS_DIR; };
		912AE49C1CD07C7B00C70759 /* main.m */ = {isa = PBXFileReference; lastKnownFileType = sourcecode.c.objc; path = main.m; sourceTree = "<group>"; };
		912AE4A31CD07C8E00C70759 /* Rectangle.h */ = {isa = PBXFileReference; fileEncoding = 4; lastKnownFileType = sourcecode.c.h; path = Rectangle.h; sourceTree = "<group>"; };
		912AE4A41CD07C8E00C70759 /* Rectangle.m */ = {isa = PBXFileReference; fileEncoding = 4; lastKnownFileType = sourcecode.c.objc; path = Rectangle.m; sourceTree = "<group>"; };
		912AE4BC1CD0882300C70759 /* Square.h */ = {isa = PBXFileReference; fileEncoding = 4; lastKnownFileType = sourcecode.c.h; path = Square.h; sourceTree = "<group>"; };
		912AE4BD1CD0882300C70759 /* Square.m */ = {isa = PBXFileReference; fileEncoding = 4; lastKnownFileType = sourcecode.c.objc; path = Square.m; sourceTree = "<group>"; };
		912AE4BF1CD09E9A00C70759 /* XYpoint.h */ = {isa = PBXFileReference; fileEncoding = 4; lastKnownFileType = sourcecode.c.h; path = XYpoint.h; sourceTree = "<group>"; };
		912AE4C01CD09E9A00C70759 /* XYpoint.m */ = {isa = PBXFileReference; fileEncoding = 4; lastKnownFileType = sourcecode.c.objc; path = XYpoint.m; sourceTree = "<group>"; };
/* End PBXFileReference section */

/* Begin PBXFrameworksBuildPhase section */
		912AE4961CD07C7B00C70759 /* Frameworks */ = {
			isa = PBXFrameworksBuildPhase;
			buildActionMask = 2147483647;
			files = (
			);
			runOnlyForDeploymentPostprocessing = 0;
		};
/* End PBXFrameworksBuildPhase section */

/* Begin PBXGroup section */
		912AE4901CD07C7B00C70759 = {
			isa = PBXGroup;
			children = (
				912AE49B1CD07C7B00C70759 /* 8.2 */,
				912AE49A1CD07C7B00C70759 /* Products */,
			);
			sourceTree = "<group>";
		};
		912AE49A1CD07C7B00C70759 /* Products */ = {
			isa = PBXGroup;
			children = (
				912AE4991CD07C7B00C70759 /* 8.2 */,
			);
			name = Products;
			sourceTree = "<group>";
		};
		912AE49B1CD07C7B00C70759 /* 8.2 */ = {
			isa = PBXGroup;
			children = (
				912AE49C1CD07C7B00C70759 /* main.m */,
				912AE4BF1CD09E9A00C70759 /* XYpoint.h */,
				912AE4C01CD09E9A00C70759 /* XYpoint.m */,
				912AE4BC1CD0882300C70759 /* Square.h */,
				912AE4BD1CD0882300C70759 /* Square.m */,
				912AE4A31CD07C8E00C70759 /* Rectangle.h */,
				912AE4A41CD07C8E00C70759 /* Rectangle.m */,
			);
			path = 8.2;
			sourceTree = "<group>";
		};
/* End PBXGroup section */

/* Begin PBXNativeTarget section */
		912AE4981CD07C7B00C70759 /* 8.2 */ = {
			isa = PBXNativeTarget;
			buildConfigurationList = 912AE4A01CD07C7B00C70759 /* Build configuration list for PBXNativeTarget "8.2" */;
			buildPhases = (
				912AE4951CD07C7B00C70759 /* Sources */,
				912AE4961CD07C7B00C70759 /* Frameworks */,
				912AE4971CD07C7B00C70759 /* CopyFiles */,
			);
			buildRules = (
			);
			dependencies = (
			);
			name = 8.2;
			productName = 8.2;
			productReference = 912AE4991CD07C7B00C70759 /* 8.2 */;
			productType = "com.apple.product-type.tool";
		};
/* End PBXNativeTarget section */

/* Begin PBXProject section */
		912AE4911CD07C7B00C70759 /* Project object */ = {
			isa = PBXProject;
			attributes = {
				LastUpgradeCheck = 0720;
				ORGANIZATIONNAME = franda;
				TargetAttributes = {
					912AE4981CD07C7B00C70759 = {
						CreatedOnToolsVersion = 7.2.1;
					};
				};
			};
			buildConfigurationList = 912AE4941CD07C7B00C70759 /* Build configuration list for PBXProject "8.2" */;
			compatibilityVersion = "Xcode 3.2";
			developmentRegion = English;
			hasScannedForEncodings = 0;
			knownRegions = (
				en,
			);
			mainGroup = 912AE4901CD07C7B00C70759;
			productRefGroup = 912AE49A1CD07C7B00C70759 /* Products */;
			projectDirPath = "";
			projectRoot = "";
			targets = (
				912AE4981CD07C7B00C70759 /* 8.2 */,
			);
		};
/* End PBXProject section */

/* Begin PBXSourcesBuildPhase section */
		912AE4951CD07C7B00C70759 /* Sources */ = {
			isa = PBXSourcesBuildPhase;
			buildActionMask = 2147483647;
			files = (
				912AE4BE1CD0882300C70759 /* Square.m in Sources */,
				912AE49D1CD07C7B00C70759 /* main.m in Sources */,
				912AE4A51CD07C8E00C70759 /* Rectangle.m in Sources */,
				912AE4C11CD09E9A00C70759 /* XYpoint.m in Sources */,
			);
			runOnlyForDeploymentPostprocessing = 0;
		};
/* End PBXSourcesBuildPhase section */

/* Begin XCBuildConfiguration section */
		912AE49E1CD07C7B00C70759 /* Debug */ = {
			isa = XCBuildConfiguration;
			buildSettings = {
				ALWAYS_SEARCH_USER_PATHS = NO;
				CLANG_CXX_LANGUAGE_STANDARD = "gnu++0x";
				CLANG_CXX_LIBRARY = "libc++";
				CLANG_ENABLE_MODULES = YES;
				CLANG_ENABLE_OBJC_ARC = YES;
				CLANG_WARN_BOOL_CONVERSION = YES;
				CLANG_WARN_CONSTANT_CONVERSION = YES;
				CLANG_WARN_DIRECT_OBJC_ISA_USAGE = YES_ERROR;
				CLANG_WARN_EMPTY_BODY = YES;
				CLANG_WARN_ENUM_CONVERSION = YES;
				CLANG_WARN_INT_CONVERSION = YES;
				CLANG_WARN_OBJC_ROOT_CLASS = YES_ERROR;
				CLANG_WARN_UNREACHABLE_CODE = YES;
				CLANG_WARN__DUPLICATE_METHOD_MATCH = YES;
				CODE_SIGN_IDENTITY = "-";
				COPY_PHASE_STRIP = NO;
				DEBUG_INFORMATION_FORMAT = dwarf;
				ENABLE_STRICT_OBJC_MSGSEND = YES;
				ENABLE_TESTABILITY = YES;
				GCC_C_LANGUAGE_STANDARD = gnu99;
				GCC_DYNAMIC_NO_PIC = NO;
				GCC_NO_COMMON_BLOCKS = YES;
				GCC_OPTIMIZATION_LEVEL = 0;
				GCC_PREPROCESSOR_DEFINITIONS = (
					"DEBUG=1",
					"$(inherited)",
				);
				GCC_WARN_64_TO_32_BIT_CONVERSION = YES;
				GCC_WARN_ABOUT_RETURN_TYPE = YES_ERROR;
				GCC_WARN_UNDECLARED_SELECTOR = YES;
				GCC_WARN_UNINITIALIZED_AUTOS = YES_AGGRESSIVE;
				GCC_WARN_UNUSED_FUNCTION = YES;
				GCC_WARN_UNUSED_VARIABLE = YES;
				MACOSX_DEPLOYMENT_TARGET = 10.10;
				MTL_ENABLE_DEBUG_INFO = YES;
				ONLY_ACTIVE_ARCH = YES;
				SDKROOT = macosx;
			};
			name = Debug;
		};
		912AE49F1CD07C7B00C70759 /* Release */ = {
			isa = XCBuildConfiguration;
			buildSettings = {
				ALWAYS_SEARCH_USER_PATHS = NO;
				CLANG_CXX_LANGUAGE_STANDARD = "gnu++0x";
				CLANG_CXX_LIBRARY = "libc++";
				CLANG_ENABLE_MODULES = YES;
				CLANG_ENABLE_OBJC_ARC = YES;
				CLANG_WARN_BOOL_CONVERSION = YES;
				CLANG_WARN_CONSTANT_CONVERSION = YES;
				CLANG_WARN_DIRECT_OBJC_ISA_USAGE = YES_ERROR;
				CLANG_WARN_EMPTY_BODY = YES;
				CLANG_WARN_ENUM_CONVERSION = YES;
				CLANG_WARN_INT_CONVERSION = YES;
				CLANG_WARN_OBJC_ROOT_CLASS = YES_ERROR;
				CLANG_WARN_UNREACHABLE_CODE = YES;
				CLANG_WARN__DUPLICATE_METHOD_MATCH = YES;
				CODE_SIGN_IDENTITY = "-";
				COPY_PHASE_STRIP = NO;
				DEBUG_INFORMATION_FORMAT = "dwarf-with-dsym";
				ENABLE_NS_ASSERTIONS = NO;
				ENABLE_STRICT_OBJC_MSGSEND = YES;
				GCC_C_LANGUAGE_STANDARD = gnu99;
				GCC_NO_COMMON_BLOCKS = YES;
				GCC_WARN_64_TO_32_BIT_CONVERSION = YES;
				GCC_WARN_ABOUT_RETURN_TYPE = YES_ERROR;
				GCC_WARN_UNDECLARED_SELECTOR = YES;
				GCC_WARN_UNINITIALIZED_AUTOS = YES_AGGRESSIVE;
				GCC_WARN_UNUSED_FUNCTION = YES;
				GCC_WARN_UNUSED_VARIABLE = YES;
				MACOSX_DEPLOYMENT_TARGET = 10.10;
				MTL_ENABLE_DEBUG_INFO = NO;
				SDKROOT = macosx;
			};
			name = Release;
		};
		912AE4A11CD07C7B00C70759 /* Debug */ = {
			isa = XCBuildConfiguration;
			buildSettings = {
				PRODUCT_NAME = "$(TARGET_NAME)";
			};
			name = Debug;
		};
		912AE4A21CD07C7B00C70759 /* Release */ = {
			isa = XCBuildConfiguration;
			buildSettings = {
				PRODUCT_NAME = "$(TARGET_NAME)";
			};
			name = Release;
		};
/* End XCBuildConfiguration section */

/* Begin XCConfigurationList section */
		912AE4941CD07C7B00C70759 /* Build configuration list for PBXProject "8.2" */ = {
			isa = XCConfigurationList;
			buildConfigurations = (
				912AE49E1CD07C7B00C70759 /* Debug */,
				912AE49F1CD07C7B00C70759 /* Release */,
			);
			defaultConfigurationIsVisible = 0;
			defaultConfigurationName = Release;
		};
		912AE4A01CD07C7B00C70759 /* Build configuration list for PBXNativeTarget "8.2" */ = {
			isa = XCConfigurationList;
			buildConfigurations = (
				912AE4A11CD07C7B00C70759 /* Debug */,
				912AE4A21CD07C7B00C70759 /* Release */,
			);
			defaultConfigurationIsVisible = 0;
		};
/* End XCConfigurationList section */
	};
	rootObject = 912AE4911CD07C7B00C70759 /* Project object */;
}
